
Microsoft Visual Studio Solution File, Format Version 12.00
# Visual Studio Version 16
VisualStudioVersion = 16.0.30002.166
MinimumVisualStudioVersion = 10.0.40219.1
Project("{FAE04EC0-301F-11D3-BF4B-00C04F79EFBC}") = "Agenda Personala", "Agenda Personala\Agenda Personala.csproj", "{F8FBE771-D485-48AB-A1E4-51B0CBA81AE6}"
EndProject
Global
	GlobalSection(SolutionConfigurationPlatforms) = preSolution
		Debug|Any CPU = Debug|Any CPU
		Release|Any CPU = Release|Any CPU
	EndGlobalSection
	GlobalSection(ProjectConfigurationPlatforms) = postSolution
		{F8FBE771-D485-48AB-A1E4-51B0CBA81AE6}.Debug|Any CPU.ActiveCfg = Debug|Any CPU
		{F8FBE771-D485-48AB-A1E4-51B0CBA81AE6}.Debug|Any CPU.Build.0 = Debug|Any CPU
		{F8FBE771-D485-48AB-A1E4-51B0CBA81AE6}.Release|Any CPU.ActiveCfg = Release|Any CPU
		{F8FBE771-D485-48AB-A1E4-51B0CBA81AE6}.Release|Any CPU.Build.0 = Release|Any CPU
	EndGlobalSection
	GlobalSection(SolutionProperties) = preSolution
		HideSolutionNode = FALSE
	EndGlobalSection
	GlobalSection(ExtensibilityGlobals) = postSolution
		SolutionGuid = {77A70781-1210-465A-B7B4-4E61CD6C4F62}
	EndGlobalSection
EndGlobal
