
Microsoft Visual Studio Solution File, Format Version 12.00
# Visual Studio Version 16
VisualStudioVersion = 16.0.30002.166
MinimumVisualStudioVersion = 10.0.40219.1
Project("{FAE04EC0-301F-11D3-BF4B-00C04F79EFBC}") = "Proietul 5 OOP- nr complexe", "Proietul 5 OOP- nr complexe\Proietul 5 OOP- nr complexe.csproj", "{9FFFC3E9-C108-4D90-8CA5-27C8F1D2D0BE}"
EndProject
Global
	GlobalSection(SolutionConfigurationPlatforms) = preSolution
		Debug|Any CPU = Debug|Any CPU
		Release|Any CPU = Release|Any CPU
	EndGlobalSection
	GlobalSection(ProjectConfigurationPlatforms) = postSolution
		{9FFFC3E9-C108-4D90-8CA5-27C8F1D2D0BE}.Debug|Any CPU.ActiveCfg = Debug|Any CPU
		{9FFFC3E9-C108-4D90-8CA5-27C8F1D2D0BE}.Debug|Any CPU.Build.0 = Debug|Any CPU
		{9FFFC3E9-C108-4D90-8CA5-27C8F1D2D0BE}.Release|Any CPU.ActiveCfg = Release|Any CPU
		{9FFFC3E9-C108-4D90-8CA5-27C8F1D2D0BE}.Release|Any CPU.Build.0 = Release|Any CPU
	EndGlobalSection
	GlobalSection(SolutionProperties) = preSolution
		HideSolutionNode = FALSE
	EndGlobalSection
	GlobalSection(ExtensibilityGlobals) = postSolution
		SolutionGuid = {E7E4E98E-1D38-417D-A66F-DBF9B3B45ACD}
	EndGlobalSection
EndGlobal
